
Microsoft Visual Studio Solution File, Format Version 12.00
# Visual Studio Version 17
VisualStudioVersion = 17.8.34330.188
MinimumVisualStudioVersion = 10.0.40219.1
Project("{9A19103F-16F7-4668-BE54-9A1E7A4F7556}") = "BackendAPI", "BackendAPI\BackendAPI.csproj", "{9E2ECACC-E6DF-422A-AE4B-88EA0E25FB01}"
EndProject
Project("{9A19103F-16F7-4668-BE54-9A1E7A4F7556}") = "BackendAPI.Database", "BackendAPI.Database\BackendAPI.Database.csproj", "{5CBDA413-5C8E-4FE0-B69C-2EB4CC922AB5}"
EndProject
Project("{9A19103F-16F7-4668-BE54-9A1E7A4F7556}") = "BackendAPI.Models", "BackendAPI.Models\BackendAPI.Models.csproj", "{F175C9E2-6251-427A-8CBC-44BFE70F0C11}"
EndProject
Project("{9A19103F-16F7-4668-BE54-9A1E7A4F7556}") = "BackendAPI.Services", "BackendAPI.Services\BackendAPI.Services.csproj", "{CD731311-D842-49D8-A617-AEE62F7CEEA1}"
EndProject
Global
	GlobalSection(SolutionConfigurationPlatforms) = preSolution
		Debug|Any CPU = Debug|Any CPU
		Release|Any CPU = Release|Any CPU
	EndGlobalSection
	GlobalSection(ProjectConfigurationPlatforms) = postSolution
		{9E2ECACC-E6DF-422A-AE4B-88EA0E25FB01}.Debug|Any CPU.ActiveCfg = Debug|Any CPU
		{9E2ECACC-E6DF-422A-AE4B-88EA0E25FB01}.Debug|Any CPU.Build.0 = Debug|Any CPU
		{9E2ECACC-E6DF-422A-AE4B-88EA0E25FB01}.Release|Any CPU.ActiveCfg = Release|Any CPU
		{9E2ECACC-E6DF-422A-AE4B-88EA0E25FB01}.Release|Any CPU.Build.0 = Release|Any CPU
		{5CBDA413-5C8E-4FE0-B69C-2EB4CC922AB5}.Debug|Any CPU.ActiveCfg = Debug|Any CPU
		{5CBDA413-5C8E-4FE0-B69C-2EB4CC922AB5}.Debug|Any CPU.Build.0 = Debug|Any CPU
		{5CBDA413-5C8E-4FE0-B69C-2EB4CC922AB5}.Release|Any CPU.ActiveCfg = Release|Any CPU
		{5CBDA413-5C8E-4FE0-B69C-2EB4CC922AB5}.Release|Any CPU.Build.0 = Release|Any CPU
		{F175C9E2-6251-427A-8CBC-44BFE70F0C11}.Debug|Any CPU.ActiveCfg = Debug|Any CPU
		{F175C9E2-6251-427A-8CBC-44BFE70F0C11}.Debug|Any CPU.Build.0 = Debug|Any CPU
		{F175C9E2-6251-427A-8CBC-44BFE70F0C11}.Release|Any CPU.ActiveCfg = Release|Any CPU
		{F175C9E2-6251-427A-8CBC-44BFE70F0C11}.Release|Any CPU.Build.0 = Release|Any CPU
		{CD731311-D842-49D8-A617-AEE62F7CEEA1}.Debug|Any CPU.ActiveCfg = Debug|Any CPU
		{CD731311-D842-49D8-A617-AEE62F7CEEA1}.Debug|Any CPU.Build.0 = Debug|Any CPU
		{CD731311-D842-49D8-A617-AEE62F7CEEA1}.Release|Any CPU.ActiveCfg = Release|Any CPU
		{CD731311-D842-49D8-A617-AEE62F7CEEA1}.Release|Any CPU.Build.0 = Release|Any CPU
	EndGlobalSection
	GlobalSection(SolutionProperties) = preSolution
		HideSolutionNode = FALSE
	EndGlobalSection
	GlobalSection(ExtensibilityGlobals) = postSolution
		SolutionGuid = {19B68478-A84E-45B3-B8D1-DFC711D58B7F}
	EndGlobalSection
EndGlobal
